
Microsoft Visual Studio Solution File, Format Version 12.00
Project("{FAE04EC0-301F-11D3-BF4B-00C04F79EFBC}") = "ParserDelphi", "ParserDelphi\ParserDelphi.csproj", "{CE9E85BE-9760-4BE6-889C-470E0CCCFDE7}"
EndProject
Project("{FAE04EC0-301F-11D3-BF4B-00C04F79EFBC}") = "ParserDelphiTests", "ParserDelphiTests\ParserDelphiTests.csproj", "{AA75B2AB-9222-405E-A006-871DDCD7E67C}"
EndProject
Global
	GlobalSection(SolutionConfigurationPlatforms) = preSolution
		Debug|Any CPU = Debug|Any CPU
		Release|Any CPU = Release|Any CPU
	EndGlobalSection
	GlobalSection(ProjectConfigurationPlatforms) = postSolution
		{CE9E85BE-9760-4BE6-889C-470E0CCCFDE7}.Debug|Any CPU.ActiveCfg = Debug|Any CPU
		{CE9E85BE-9760-4BE6-889C-470E0CCCFDE7}.Debug|Any CPU.Build.0 = Debug|Any CPU
		{CE9E85BE-9760-4BE6-889C-470E0CCCFDE7}.Release|Any CPU.ActiveCfg = Release|Any CPU
		{CE9E85BE-9760-4BE6-889C-470E0CCCFDE7}.Release|Any CPU.Build.0 = Release|Any CPU
		{AA75B2AB-9222-405E-A006-871DDCD7E67C}.Debug|Any CPU.ActiveCfg = Debug|Any CPU
		{AA75B2AB-9222-405E-A006-871DDCD7E67C}.Debug|Any CPU.Build.0 = Debug|Any CPU
		{AA75B2AB-9222-405E-A006-871DDCD7E67C}.Release|Any CPU.ActiveCfg = Release|Any CPU
		{AA75B2AB-9222-405E-A006-871DDCD7E67C}.Release|Any CPU.Build.0 = Release|Any CPU
	EndGlobalSection
EndGlobal
